
Microsoft Visual Studio Solution File, Format Version 12.00
# Visual Studio Version 16
VisualStudioVersion = 25.0.1700.7
MinimumVisualStudioVersion = 10.0.40219.1
Project("{FAE04EC0-301F-11D3-BF4B-00C04F79EFBC}") = "git-pipeline", "git-pipeline\git-pipeline.csproj", "{F91F0115-147B-45C0-84C4-379367E9EECD}"
EndProject
Global
	GlobalSection(SolutionConfigurationPlatforms) = preSolution
		Debug|Any CPU = Debug|Any CPU
		Release|Any CPU = Release|Any CPU
	EndGlobalSection
	GlobalSection(ProjectConfigurationPlatforms) = postSolution
		{F91F0115-147B-45C0-84C4-379367E9EECD}.Debug|Any CPU.ActiveCfg = Debug|Any CPU
		{F91F0115-147B-45C0-84C4-379367E9EECD}.Debug|Any CPU.Build.0 = Debug|Any CPU
		{F91F0115-147B-45C0-84C4-379367E9EECD}.Release|Any CPU.ActiveCfg = Release|Any CPU
		{F91F0115-147B-45C0-84C4-379367E9EECD}.Release|Any CPU.Build.0 = Release|Any CPU
	EndGlobalSection
	GlobalSection(SolutionProperties) = preSolution
		HideSolutionNode = FALSE
	EndGlobalSection
	GlobalSection(ExtensibilityGlobals) = postSolution
		SolutionGuid = {C0488941-5DA8-43F9-907C-AEEFD0366423}
	EndGlobalSection
EndGlobal
